
Microsoft Visual Studio Solution File, Format Version 12.00
# Visual Studio Version 17
VisualStudioVersion = 17.3.32929.385
MinimumVisualStudioVersion = 10.0.40219.1
Project("{FAE04EC0-301F-11D3-BF4B-00C04F79EFBC}") = "Ch3_25.StaticGeneric", "Ch3_25.StaticGeneric.csproj", "{08616AAF-70C6-47DA-A20D-A50279AE0837}"
EndProject
Global
	GlobalSection(SolutionConfigurationPlatforms) = preSolution
		Debug|Any CPU = Debug|Any CPU
		Release|Any CPU = Release|Any CPU
	EndGlobalSection
	GlobalSection(ProjectConfigurationPlatforms) = postSolution
		{08616AAF-70C6-47DA-A20D-A50279AE0837}.Debug|Any CPU.ActiveCfg = Debug|Any CPU
		{08616AAF-70C6-47DA-A20D-A50279AE0837}.Debug|Any CPU.Build.0 = Debug|Any CPU
		{08616AAF-70C6-47DA-A20D-A50279AE0837}.Release|Any CPU.ActiveCfg = Release|Any CPU
		{08616AAF-70C6-47DA-A20D-A50279AE0837}.Release|Any CPU.Build.0 = Release|Any CPU
	EndGlobalSection
	GlobalSection(SolutionProperties) = preSolution
		HideSolutionNode = FALSE
	EndGlobalSection
	GlobalSection(ExtensibilityGlobals) = postSolution
		SolutionGuid = {E118569B-5980-4641-9BE6-08BCD66932C8}
	EndGlobalSection
EndGlobal
