
Microsoft Visual Studio Solution File, Format Version 12.00
Project("{FAE04EC0-301F-11D3-BF4B-00C04F79EFBC}") = "Ch_4.1.9_EventExample", "Ch_4.1.9_EventExample\Ch_4.1.9_EventExample.csproj", "{D6D998B7-9A11-475C-8959-43A37C23556E}"
EndProject
Global
	GlobalSection(SolutionConfigurationPlatforms) = preSolution
		Debug|Any CPU = Debug|Any CPU
		Release|Any CPU = Release|Any CPU
	EndGlobalSection
	GlobalSection(ProjectConfigurationPlatforms) = postSolution
		{D6D998B7-9A11-475C-8959-43A37C23556E}.Debug|Any CPU.ActiveCfg = Debug|Any CPU
		{D6D998B7-9A11-475C-8959-43A37C23556E}.Debug|Any CPU.Build.0 = Debug|Any CPU
		{D6D998B7-9A11-475C-8959-43A37C23556E}.Release|Any CPU.ActiveCfg = Release|Any CPU
		{D6D998B7-9A11-475C-8959-43A37C23556E}.Release|Any CPU.Build.0 = Release|Any CPU
	EndGlobalSection
EndGlobal
