
Microsoft Visual Studio Solution File, Format Version 12.00
# Visual Studio Version 17
VisualStudioVersion = 17.3.32929.385
MinimumVisualStudioVersion = 10.0.40219.1
Project("{FAE04EC0-301F-11D3-BF4B-00C04F79EFBC}") = "Ch3_2.StaticLocalMethods", "Ch3_2.StaticLocalMethods\Ch3_2.StaticLocalMethods.csproj", "{1ACC6172-0067-4F7F-9BE0-96D9274B237E}"
EndProject
Global
	GlobalSection(SolutionConfigurationPlatforms) = preSolution
		Debug|Any CPU = Debug|Any CPU
		Release|Any CPU = Release|Any CPU
	EndGlobalSection
	GlobalSection(ProjectConfigurationPlatforms) = postSolution
		{1ACC6172-0067-4F7F-9BE0-96D9274B237E}.Debug|Any CPU.ActiveCfg = Debug|Any CPU
		{1ACC6172-0067-4F7F-9BE0-96D9274B237E}.Debug|Any CPU.Build.0 = Debug|Any CPU
		{1ACC6172-0067-4F7F-9BE0-96D9274B237E}.Release|Any CPU.ActiveCfg = Release|Any CPU
		{1ACC6172-0067-4F7F-9BE0-96D9274B237E}.Release|Any CPU.Build.0 = Release|Any CPU
	EndGlobalSection
	GlobalSection(SolutionProperties) = preSolution
		HideSolutionNode = FALSE
	EndGlobalSection
	GlobalSection(ExtensibilityGlobals) = postSolution
		SolutionGuid = {858C781E-D8EE-4655-B2CC-345D0C51415E}
	EndGlobalSection
EndGlobal
