
Microsoft Visual Studio Solution File, Format Version 12.00
# Visual Studio Version 17
VisualStudioVersion = 17.3.32929.385
MinimumVisualStudioVersion = 10.0.40219.1
Project("{FAE04EC0-301F-11D3-BF4B-00C04F79EFBC}") = "Ch3_12.ObjectInstanceInitializationOrder", "Ch3_12.ObjectInstanceInitializationOrder\Ch3_12.ObjectInstanceInitializationOrder.csproj", "{0868C164-4332-48EC-9F1E-3B1FED205A86}"
EndProject
Global
	GlobalSection(SolutionConfigurationPlatforms) = preSolution
		Debug|Any CPU = Debug|Any CPU
		Release|Any CPU = Release|Any CPU
	EndGlobalSection
	GlobalSection(ProjectConfigurationPlatforms) = postSolution
		{0868C164-4332-48EC-9F1E-3B1FED205A86}.Debug|Any CPU.ActiveCfg = Debug|Any CPU
		{0868C164-4332-48EC-9F1E-3B1FED205A86}.Debug|Any CPU.Build.0 = Debug|Any CPU
		{0868C164-4332-48EC-9F1E-3B1FED205A86}.Release|Any CPU.ActiveCfg = Release|Any CPU
		{0868C164-4332-48EC-9F1E-3B1FED205A86}.Release|Any CPU.Build.0 = Release|Any CPU
	EndGlobalSection
	GlobalSection(SolutionProperties) = preSolution
		HideSolutionNode = FALSE
	EndGlobalSection
	GlobalSection(ExtensibilityGlobals) = postSolution
		SolutionGuid = {00A91C26-0D17-47EB-9EF5-DF819AB10D49}
	EndGlobalSection
EndGlobal
