
Microsoft Visual Studio Solution File, Format Version 12.00
# Visual Studio Version 17
VisualStudioVersion = 17.3.32929.385
MinimumVisualStudioVersion = 10.0.40219.1
Project("{FAE04EC0-301F-11D3-BF4B-00C04F79EFBC}") = "Ch3_2.LocalMethod", "Ch3_2.LocalMethod\Ch3_2.LocalMethod.csproj", "{382A3EF4-8D22-4B9E-B997-6B39A3BAA4DB}"
EndProject
Global
	GlobalSection(SolutionConfigurationPlatforms) = preSolution
		Debug|Any CPU = Debug|Any CPU
		Release|Any CPU = Release|Any CPU
	EndGlobalSection
	GlobalSection(ProjectConfigurationPlatforms) = postSolution
		{382A3EF4-8D22-4B9E-B997-6B39A3BAA4DB}.Debug|Any CPU.ActiveCfg = Debug|Any CPU
		{382A3EF4-8D22-4B9E-B997-6B39A3BAA4DB}.Debug|Any CPU.Build.0 = Debug|Any CPU
		{382A3EF4-8D22-4B9E-B997-6B39A3BAA4DB}.Release|Any CPU.ActiveCfg = Release|Any CPU
		{382A3EF4-8D22-4B9E-B997-6B39A3BAA4DB}.Release|Any CPU.Build.0 = Release|Any CPU
	EndGlobalSection
	GlobalSection(SolutionProperties) = preSolution
		HideSolutionNode = FALSE
	EndGlobalSection
	GlobalSection(ExtensibilityGlobals) = postSolution
		SolutionGuid = {098DF058-C421-4647-9DBA-7709EA3EF425}
	EndGlobalSection
EndGlobal
