
Microsoft Visual Studio Solution File, Format Version 12.00
# Visual Studio Version 17
VisualStudioVersion = 17.3.32929.385
MinimumVisualStudioVersion = 10.0.40219.1
Project("{FAE04EC0-301F-11D3-BF4B-00C04F79EFBC}") = "Ch3_16.ToStringExample", "Ch3_16.ToStringExample.csproj", "{F6DA78D4-EA4D-4CCC-833A-9681169ABCEF}"
EndProject
Global
	GlobalSection(SolutionConfigurationPlatforms) = preSolution
		Debug|Any CPU = Debug|Any CPU
		Release|Any CPU = Release|Any CPU
	EndGlobalSection
	GlobalSection(ProjectConfigurationPlatforms) = postSolution
		{F6DA78D4-EA4D-4CCC-833A-9681169ABCEF}.Debug|Any CPU.ActiveCfg = Debug|Any CPU
		{F6DA78D4-EA4D-4CCC-833A-9681169ABCEF}.Debug|Any CPU.Build.0 = Debug|Any CPU
		{F6DA78D4-EA4D-4CCC-833A-9681169ABCEF}.Release|Any CPU.ActiveCfg = Release|Any CPU
		{F6DA78D4-EA4D-4CCC-833A-9681169ABCEF}.Release|Any CPU.Build.0 = Release|Any CPU
	EndGlobalSection
	GlobalSection(SolutionProperties) = preSolution
		HideSolutionNode = FALSE
	EndGlobalSection
	GlobalSection(ExtensibilityGlobals) = postSolution
		SolutionGuid = {1983D224-7A66-47EC-A02F-84AC93999F94}
	EndGlobalSection
EndGlobal
