
Microsoft Visual Studio Solution File, Format Version 12.00
# Visual Studio Version 17
VisualStudioVersion = 17.3.32929.385
MinimumVisualStudioVersion = 10.0.40219.1
Project("{FAE04EC0-301F-11D3-BF4B-00C04F79EFBC}") = "Ch3_8_Inheritance", "Ch3_8_Inheritance\Ch3_8_Inheritance.csproj", "{3B5FCA9D-E9AF-41B0-95FF-5BE637E88E69}"
EndProject
Global
	GlobalSection(SolutionConfigurationPlatforms) = preSolution
		Debug|Any CPU = Debug|Any CPU
		Release|Any CPU = Release|Any CPU
	EndGlobalSection
	GlobalSection(ProjectConfigurationPlatforms) = postSolution
		{3B5FCA9D-E9AF-41B0-95FF-5BE637E88E69}.Debug|Any CPU.ActiveCfg = Debug|Any CPU
		{3B5FCA9D-E9AF-41B0-95FF-5BE637E88E69}.Debug|Any CPU.Build.0 = Debug|Any CPU
		{3B5FCA9D-E9AF-41B0-95FF-5BE637E88E69}.Release|Any CPU.ActiveCfg = Release|Any CPU
		{3B5FCA9D-E9AF-41B0-95FF-5BE637E88E69}.Release|Any CPU.Build.0 = Release|Any CPU
	EndGlobalSection
	GlobalSection(SolutionProperties) = preSolution
		HideSolutionNode = FALSE
	EndGlobalSection
	GlobalSection(ExtensibilityGlobals) = postSolution
		SolutionGuid = {914275F0-A48B-40A9-80EF-66853391912F}
	EndGlobalSection
EndGlobal
